Microsoft Visual Studio Solution File, Format Version 11.00
# Visual Studio 2008

Project("{DD2D5444-0C29-D912-FF42-28FE31C8BF40}") = "Speed Text", "Assembly-CSharp.csproj", "{9EE49A07-A53D-1EDC-7855-109719BD1411}"
EndProject
Project("{DD2D5444-0C29-D912-FF42-28FE31C8BF40}") = "Speed Text", "Assembly-CSharp-Editor.csproj", "{0860DD59-2926-BEFA-B164-CE4B87845330}"
EndProject
Global
	GlobalSection(SolutionConfigurationPlatforms) = preSolution
		Debug|Any CPU = Debug|Any CPU
		Release|Any CPU = Release|Any CPU
	EndGlobalSection
	GlobalSection(ProjectConfigurationPlatforms) = postSolution
		{9EE49A07-A53D-1EDC-7855-109719BD1411}.Debug|Any CPU.ActiveCfg = Debug|Any CPU
		{9EE49A07-A53D-1EDC-7855-109719BD1411}.Debug|Any CPU.Build.0 = Debug|Any CPU
		{9EE49A07-A53D-1EDC-7855-109719BD1411}.Release|Any CPU.ActiveCfg = Release|Any CPU
		{9EE49A07-A53D-1EDC-7855-109719BD1411}.Release|Any CPU.Build.0 = Release|Any CPU
		{0860DD59-2926-BEFA-B164-CE4B87845330}.Debug|Any CPU.ActiveCfg = Debug|Any CPU
		{0860DD59-2926-BEFA-B164-CE4B87845330}.Debug|Any CPU.Build.0 = Debug|Any CPU
		{0860DD59-2926-BEFA-B164-CE4B87845330}.Release|Any CPU.ActiveCfg = Release|Any CPU
		{0860DD59-2926-BEFA-B164-CE4B87845330}.Release|Any CPU.Build.0 = Release|Any CPU
	EndGlobalSection
	GlobalSection(SolutionProperties) = preSolution
		HideSolutionNode = FALSE
	EndGlobalSection
	GlobalSection(MonoDevelopProperties) = preSolution
		StartupItem = Assembly-CSharp.csproj
	EndGlobalSection
EndGlobal
